
Microsoft Visual Studio Solution File, Format Version 12.00
# Visual Studio Version 16
VisualStudioVersion = 16.0.31205.134
MinimumVisualStudioVersion = 10.0.40219.1
Project("{9A19103F-16F7-4668-BE54-9A1E7A4F7556}") = "Lesson09_00_init", "Lesson09_00_init\Lesson09_00_init.csproj", "{AF41E744-7691-41B8-9B79-6FCAD03103D0}"
EndProject
Project("{FAE04EC0-301F-11D3-BF4B-00C04F79EFBC}") = "Lesson09_01_BubbleSorting", "Lesson09_01_BubbleSorting\Lesson09_01_BubbleSorting.csproj", "{6BA6137D-BF83-4B49-817A-DC3549BBBE70}"
EndProject
Global
	GlobalSection(SolutionConfigurationPlatforms) = preSolution
		Debug|Any CPU = Debug|Any CPU
		Release|Any CPU = Release|Any CPU
	EndGlobalSection
	GlobalSection(ProjectConfigurationPlatforms) = postSolution
		{AF41E744-7691-41B8-9B79-6FCAD03103D0}.Debug|Any CPU.ActiveCfg = Debug|Any CPU
		{AF41E744-7691-41B8-9B79-6FCAD03103D0}.Debug|Any CPU.Build.0 = Debug|Any CPU
		{AF41E744-7691-41B8-9B79-6FCAD03103D0}.Release|Any CPU.ActiveCfg = Release|Any CPU
		{AF41E744-7691-41B8-9B79-6FCAD03103D0}.Release|Any CPU.Build.0 = Release|Any CPU
		{6BA6137D-BF83-4B49-817A-DC3549BBBE70}.Debug|Any CPU.ActiveCfg = Debug|Any CPU
		{6BA6137D-BF83-4B49-817A-DC3549BBBE70}.Debug|Any CPU.Build.0 = Debug|Any CPU
		{6BA6137D-BF83-4B49-817A-DC3549BBBE70}.Release|Any CPU.ActiveCfg = Release|Any CPU
		{6BA6137D-BF83-4B49-817A-DC3549BBBE70}.Release|Any CPU.Build.0 = Release|Any CPU
	EndGlobalSection
	GlobalSection(SolutionProperties) = preSolution
		HideSolutionNode = FALSE
	EndGlobalSection
	GlobalSection(ExtensibilityGlobals) = postSolution
		SolutionGuid = {7EB0EB01-7D18-4F4D-B30D-E175A50DB328}
	EndGlobalSection
EndGlobal
