
Microsoft Visual Studio Solution File, Format Version 12.00
# Visual Studio Version 16
VisualStudioVersion = 16.0.31205.134
MinimumVisualStudioVersion = 10.0.40219.1
Project("{9A19103F-16F7-4668-BE54-9A1E7A4F7556}") = "Lesson05_01_if_else", "Lesson05_01_if_else\Lesson05_01_if_else.csproj", "{EC32AB97-19B1-438A-ADA9-8E42C306CA81}"
EndProject
Project("{9A19103F-16F7-4668-BE54-9A1E7A4F7556}") = "Lesson05_03_ternary_operator", "Lesson05_03_ternary_operator\Lesson05_03_ternary_operator.csproj", "{973F38C3-A188-41A5-A3A5-5D405A8C2104}"
EndProject
Project("{9A19103F-16F7-4668-BE54-9A1E7A4F7556}") = "Lesson05_04_self_work2", "Lesson05_04_self_work2\Lesson05_04_self_work2.csproj", "{369B120C-9A9A-45D3-A6F9-201E79A71D21}"
EndProject
Project("{9A19103F-16F7-4668-BE54-9A1E7A4F7556}") = "Lesson05_05_switch", "Lesson05_05_switch\Lesson05_05_switch.csproj", "{30EA26AB-9E9B-4E1F-8227-2B8D396B3C34}"
EndProject
Project("{9A19103F-16F7-4668-BE54-9A1E7A4F7556}") = "Lesson05_06_self_work3", "Lesson05_06_self_work3\Lesson05_06_self_work3.csproj", "{18326B75-0458-40D4-8F03-DFDEBC3EE539}"
EndProject
Project("{9A19103F-16F7-4668-BE54-9A1E7A4F7556}") = "Lesson05_07_exceptions", "Lesson05_07_exceptions\Lesson05_07_exceptions.csproj", "{396E5655-86EA-4FCA-A389-DB0797637020}"
EndProject
Project("{9A19103F-16F7-4668-BE54-9A1E7A4F7556}") = "Lesson05_00_last_home_work", "Lesson05_00_last_home_work\Lesson05_00_last_home_work.csproj", "{9FB88BE1-CD07-433F-BA3E-0C843BFA13C5}"
EndProject
Project("{9A19103F-16F7-4668-BE54-9A1E7A4F7556}") = "Lesson05_02_self_work1", "Lesson05_02_self_work1\Lesson05_02_self_work1.csproj", "{6B17C1A0-31A5-44A1-98A4-31E0430EFAD2}"
EndProject
Global
	GlobalSection(SolutionConfigurationPlatforms) = preSolution
		Debug|Any CPU = Debug|Any CPU
		Release|Any CPU = Release|Any CPU
	EndGlobalSection
	GlobalSection(ProjectConfigurationPlatforms) = postSolution
		{EC32AB97-19B1-438A-ADA9-8E42C306CA81}.Debug|Any CPU.ActiveCfg = Debug|Any CPU
		{EC32AB97-19B1-438A-ADA9-8E42C306CA81}.Debug|Any CPU.Build.0 = Debug|Any CPU
		{EC32AB97-19B1-438A-ADA9-8E42C306CA81}.Release|Any CPU.ActiveCfg = Release|Any CPU
		{EC32AB97-19B1-438A-ADA9-8E42C306CA81}.Release|Any CPU.Build.0 = Release|Any CPU
		{973F38C3-A188-41A5-A3A5-5D405A8C2104}.Debug|Any CPU.ActiveCfg = Debug|Any CPU
		{973F38C3-A188-41A5-A3A5-5D405A8C2104}.Debug|Any CPU.Build.0 = Debug|Any CPU
		{973F38C3-A188-41A5-A3A5-5D405A8C2104}.Release|Any CPU.ActiveCfg = Release|Any CPU
		{973F38C3-A188-41A5-A3A5-5D405A8C2104}.Release|Any CPU.Build.0 = Release|Any CPU
		{369B120C-9A9A-45D3-A6F9-201E79A71D21}.Debug|Any CPU.ActiveCfg = Debug|Any CPU
		{369B120C-9A9A-45D3-A6F9-201E79A71D21}.Debug|Any CPU.Build.0 = Debug|Any CPU
		{369B120C-9A9A-45D3-A6F9-201E79A71D21}.Release|Any CPU.ActiveCfg = Release|Any CPU
		{369B120C-9A9A-45D3-A6F9-201E79A71D21}.Release|Any CPU.Build.0 = Release|Any CPU
		{30EA26AB-9E9B-4E1F-8227-2B8D396B3C34}.Debug|Any CPU.ActiveCfg = Debug|Any CPU
		{30EA26AB-9E9B-4E1F-8227-2B8D396B3C34}.Debug|Any CPU.Build.0 = Debug|Any CPU
		{30EA26AB-9E9B-4E1F-8227-2B8D396B3C34}.Release|Any CPU.ActiveCfg = Release|Any CPU
		{30EA26AB-9E9B-4E1F-8227-2B8D396B3C34}.Release|Any CPU.Build.0 = Release|Any CPU
		{18326B75-0458-40D4-8F03-DFDEBC3EE539}.Debug|Any CPU.ActiveCfg = Debug|Any CPU
		{18326B75-0458-40D4-8F03-DFDEBC3EE539}.Debug|Any CPU.Build.0 = Debug|Any CPU
		{18326B75-0458-40D4-8F03-DFDEBC3EE539}.Release|Any CPU.ActiveCfg = Release|Any CPU
		{18326B75-0458-40D4-8F03-DFDEBC3EE539}.Release|Any CPU.Build.0 = Release|Any CPU
		{396E5655-86EA-4FCA-A389-DB0797637020}.Debug|Any CPU.ActiveCfg = Debug|Any CPU
		{396E5655-86EA-4FCA-A389-DB0797637020}.Debug|Any CPU.Build.0 = Debug|Any CPU
		{396E5655-86EA-4FCA-A389-DB0797637020}.Release|Any CPU.ActiveCfg = Release|Any CPU
		{396E5655-86EA-4FCA-A389-DB0797637020}.Release|Any CPU.Build.0 = Release|Any CPU
		{9FB88BE1-CD07-433F-BA3E-0C843BFA13C5}.Debug|Any CPU.ActiveCfg = Debug|Any CPU
		{9FB88BE1-CD07-433F-BA3E-0C843BFA13C5}.Debug|Any CPU.Build.0 = Debug|Any CPU
		{9FB88BE1-CD07-433F-BA3E-0C843BFA13C5}.Release|Any CPU.ActiveCfg = Release|Any CPU
		{9FB88BE1-CD07-433F-BA3E-0C843BFA13C5}.Release|Any CPU.Build.0 = Release|Any CPU
		{6B17C1A0-31A5-44A1-98A4-31E0430EFAD2}.Debug|Any CPU.ActiveCfg = Debug|Any CPU
		{6B17C1A0-31A5-44A1-98A4-31E0430EFAD2}.Debug|Any CPU.Build.0 = Debug|Any CPU
		{6B17C1A0-31A5-44A1-98A4-31E0430EFAD2}.Release|Any CPU.ActiveCfg = Release|Any CPU
		{6B17C1A0-31A5-44A1-98A4-31E0430EFAD2}.Release|Any CPU.Build.0 = Release|Any CPU
	EndGlobalSection
	GlobalSection(SolutionProperties) = preSolution
		HideSolutionNode = FALSE
	EndGlobalSection
	GlobalSection(ExtensibilityGlobals) = postSolution
		SolutionGuid = {11D95165-EAA1-44DA-9BF7-7C157AA6CACC}
	EndGlobalSection
EndGlobal
