
Microsoft Visual Studio Solution File, Format Version 12.00
# Visual Studio Version 16
VisualStudioVersion = 16.0.31025.194
MinimumVisualStudioVersion = 10.0.40219.1
Project("{FAE04EC0-301F-11D3-BF4B-00C04F79EFBC}") = "HomeWork_1", "HomeWork_1\HomeWork_1.csproj", "{5051D64E-6737-4E8F-B25A-488A921F5796}"
EndProject
Global
	GlobalSection(SolutionConfigurationPlatforms) = preSolution
		Debug|Any CPU = Debug|Any CPU
		Release|Any CPU = Release|Any CPU
	EndGlobalSection
	GlobalSection(ProjectConfigurationPlatforms) = postSolution
		{5051D64E-6737-4E8F-B25A-488A921F5796}.Debug|Any CPU.ActiveCfg = Debug|Any CPU
		{5051D64E-6737-4E8F-B25A-488A921F5796}.Debug|Any CPU.Build.0 = Debug|Any CPU
		{5051D64E-6737-4E8F-B25A-488A921F5796}.Release|Any CPU.ActiveCfg = Release|Any CPU
		{5051D64E-6737-4E8F-B25A-488A921F5796}.Release|Any CPU.Build.0 = Release|Any CPU
	EndGlobalSection
	GlobalSection(SolutionProperties) = preSolution
		HideSolutionNode = FALSE
	EndGlobalSection
	GlobalSection(ExtensibilityGlobals) = postSolution
		SolutionGuid = {494746E2-3538-486D-9E47-A92303E8DD67}
	EndGlobalSection
EndGlobal
